
Microsoft Visual Studio Solution File, Format Version 12.00
# Visual Studio Version 16
VisualStudioVersion = 16.0.31205.134
MinimumVisualStudioVersion = 10.0.40219.1
Project("{FAE04EC0-301F-11D3-BF4B-00C04F79EFBC}") = "ConversorNumeros", "ConversorNumeros.csproj", "{2B57E470-20F7-4605-AD07-4BF4E43B41C1}"
EndProject
Project("{FAE04EC0-301F-11D3-BF4B-00C04F79EFBC}") = "TestNumeros", "UnitTestProject1\TestNumeros.csproj", "{99C807E6-EAA6-4FE3-A279-75CF44B62054}"
EndProject
Global
	GlobalSection(SolutionConfigurationPlatforms) = preSolution
		Debug|Any CPU = Debug|Any CPU
		Release|Any CPU = Release|Any CPU
	EndGlobalSection
	GlobalSection(ProjectConfigurationPlatforms) = postSolution
		{2B57E470-20F7-4605-AD07-4BF4E43B41C1}.Debug|Any CPU.ActiveCfg = Debug|Any CPU
		{2B57E470-20F7-4605-AD07-4BF4E43B41C1}.Debug|Any CPU.Build.0 = Debug|Any CPU
		{2B57E470-20F7-4605-AD07-4BF4E43B41C1}.Release|Any CPU.ActiveCfg = Release|Any CPU
		{2B57E470-20F7-4605-AD07-4BF4E43B41C1}.Release|Any CPU.Build.0 = Release|Any CPU
		{99C807E6-EAA6-4FE3-A279-75CF44B62054}.Debug|Any CPU.ActiveCfg = Debug|Any CPU
		{99C807E6-EAA6-4FE3-A279-75CF44B62054}.Debug|Any CPU.Build.0 = Debug|Any CPU
		{99C807E6-EAA6-4FE3-A279-75CF44B62054}.Release|Any CPU.ActiveCfg = Release|Any CPU
		{99C807E6-EAA6-4FE3-A279-75CF44B62054}.Release|Any CPU.Build.0 = Release|Any CPU
	EndGlobalSection
	GlobalSection(SolutionProperties) = preSolution
		HideSolutionNode = FALSE
	EndGlobalSection
	GlobalSection(ExtensibilityGlobals) = postSolution
		SolutionGuid = {1172F977-5E9D-4FC8-90CD-0F9D24B550EE}
	EndGlobalSection
EndGlobal
